
Microsoft Visual Studio Solution File, Format Version 12.00
# Visual Studio 2012
Project("{FAE04EC0-301F-11D3-BF4B-00C04F79EFBC}") = "HotCornerBarrier", "HotCornerBarrier\HotCornerBarrier.csproj", "{643B30B4-601C-4D6C-9166-2D3A33294A5D}"
EndProject
Project("{2150E333-8FDC-42A3-9474-1A3956D46DE8}") = "Solution Items", "Solution Items", "{19661D46-BA1A-4AD4-943B-D48FE063E3A0}"
	ProjectSection(SolutionItems) = preProject
		README.md = README.md
	EndProjectSection
EndProject
Global
	GlobalSection(SolutionConfigurationPlatforms) = preSolution
		Debug|Any CPU = Debug|Any CPU
		Release|Any CPU = Release|Any CPU
	EndGlobalSection
	GlobalSection(ProjectConfigurationPlatforms) = postSolution
		{643B30B4-601C-4D6C-9166-2D3A33294A5D}.Debug|Any CPU.ActiveCfg = Debug|Any CPU
		{643B30B4-601C-4D6C-9166-2D3A33294A5D}.Debug|Any CPU.Build.0 = Debug|Any CPU
		{643B30B4-601C-4D6C-9166-2D3A33294A5D}.Release|Any CPU.ActiveCfg = Release|Any CPU
		{643B30B4-601C-4D6C-9166-2D3A33294A5D}.Release|Any CPU.Build.0 = Release|Any CPU
	EndGlobalSection
	GlobalSection(SolutionProperties) = preSolution
		HideSolutionNode = FALSE
	EndGlobalSection
EndGlobal
